
Microsoft Visual Studio Solution File, Format Version 12.00
# Visual Studio Version 16
VisualStudioVersion = 16.0.30717.126
MinimumVisualStudioVersion = 10.0.40219.1
Project("{FAE04EC0-301F-11D3-BF4B-00C04F79EFBC}") = "ConsoleApp3", "ConsoleApp3\ConsoleApp3.csproj", "{65D3CAE8-492C-40BD-A5BC-E008939E3B2F}"
EndProject
Global
	GlobalSection(SolutionConfigurationPlatforms) = preSolution
		Debug|Any CPU = Debug|Any CPU
		Release|Any CPU = Release|Any CPU
	EndGlobalSection
	GlobalSection(ProjectConfigurationPlatforms) = postSolution
		{65D3CAE8-492C-40BD-A5BC-E008939E3B2F}.Debug|Any CPU.ActiveCfg = Debug|Any CPU
		{65D3CAE8-492C-40BD-A5BC-E008939E3B2F}.Debug|Any CPU.Build.0 = Debug|Any CPU
		{65D3CAE8-492C-40BD-A5BC-E008939E3B2F}.Release|Any CPU.ActiveCfg = Release|Any CPU
		{65D3CAE8-492C-40BD-A5BC-E008939E3B2F}.Release|Any CPU.Build.0 = Release|Any CPU
	EndGlobalSection
	GlobalSection(SolutionProperties) = preSolution
		HideSolutionNode = FALSE
	EndGlobalSection
	GlobalSection(ExtensibilityGlobals) = postSolution
		SolutionGuid = {093BF278-9052-4CA5-A586-80CA255D1061}
	EndGlobalSection
EndGlobal
